# This file is automatically @generated by Cargo.
# It is not intended for manual editing.
version = 4

[[package]]
name = "raxis-audit-tools"
version = "0.1.0"

[[package]]
name = "raxis-cli"
version = "0.1.0"

[[package]]
name = "raxis-crypto"
version = "0.1.0"

[[package]]
name = "raxis-gateway"
version = "0.1.0"

[[package]]
name = "raxis-ipc"
version = "0.1.0"

[[package]]
name = "raxis-kernel"
version = "0.1.0"

[[package]]
name = "raxis-policy"
version = "0.1.0"

[[package]]
name = "raxis-store"
version = "0.1.0"

[[package]]
name = "raxis-types"
version = "0.1.0"
